
Microsoft Visual Studio Solution File, Format Version 12.00
# Visual Studio Version 17
VisualStudioVersion = 17.13.35931.197 d17.13
MinimumVisualStudioVersion = 10.0.40219.1
Project("{888888A0-9F3D-457C-B088-3A5042F75D52}") = "ImageBatchConverter", "ImageBatchConverter.pyproj", "{37D404FF-EAD2-414C-870B-6E779B796CF0}"
EndProject
Global
	GlobalSection(SolutionConfigurationPlatforms) = preSolution
		Debug|Any CPU = Debug|Any CPU
		Release|Any CPU = Release|Any CPU
	EndGlobalSection
	GlobalSection(ProjectConfigurationPlatforms) = postSolution
		{37D404FF-EAD2-414C-870B-6E779B796CF0}.Debug|Any CPU.ActiveCfg = Debug|Any CPU
		{37D404FF-EAD2-414C-870B-6E779B796CF0}.Release|Any CPU.ActiveCfg = Release|Any CPU
	EndGlobalSection
	GlobalSection(SolutionProperties) = preSolution
		HideSolutionNode = FALSE
	EndGlobalSection
	GlobalSection(ExtensibilityGlobals) = postSolution
		SolutionGuid = {A02BA5C5-1A20-44A7-ACE9-C91B6A3FAEC2}
	EndGlobalSection
EndGlobal
